
Microsoft Visual Studio Solution File, Format Version 12.00
# Visual Studio 15
VisualStudioVersion = 15.0.28010.2050
MinimumVisualStudioVersion = 10.0.40219.1
Project("{FAE04EC0-301F-11D3-BF4B-00C04F79EFBC}") = "Core", "src\Core\Core.csproj", "{FA4C6747-D84F-488D-B35F-DDAA7734767A}"
EndProject
Global
	GlobalSection(SolutionConfigurationPlatforms) = preSolution
		Debug|Any CPU = Debug|Any CPU
		Release|Any CPU = Release|Any CPU
	EndGlobalSection
	GlobalSection(ProjectConfigurationPlatforms) = postSolution
		{FA4C6747-D84F-488D-B35F-DDAA7734767A}.Debug|Any CPU.ActiveCfg = Debug|Any CPU
		{FA4C6747-D84F-488D-B35F-DDAA7734767A}.Debug|Any CPU.Build.0 = Debug|Any CPU
		{FA4C6747-D84F-488D-B35F-DDAA7734767A}.Release|Any CPU.ActiveCfg = Release|Any CPU
		{FA4C6747-D84F-488D-B35F-DDAA7734767A}.Release|Any CPU.Build.0 = Release|Any CPU
	EndGlobalSection
	GlobalSection(SolutionProperties) = preSolution
		HideSolutionNode = FALSE
	EndGlobalSection
	GlobalSection(ExtensibilityGlobals) = postSolution
		SolutionGuid = {B8D23F3A-28A0-4A41-B3C8-B65D801BA120}
	EndGlobalSection
EndGlobal
